{
	"name": "eternity-saves",
	"lockfileVersion": 3,
	"requires": true,
	"packages": {
		"": {
			"name": "eternity-saves",
			"dependencies": {
				"antihtml": "^0.2.0"
			}
		},
		"node_modules/antihtml": {
			"version": "0.2.0",
			"resolved": "https://registry.npmjs.org/antihtml/-/antihtml-0.2.0.tgz",
			"integrity": "sha512-iimu5RIm7yjw67tQwmtye9Fqa/l43jfPXTXXZtERbLDwCdbtTiD5sDwv4UC2ubFRZOzt0xgBqP3Vnug2mnRBKQ=="
		}
	}
}
